// !$*UTF8*$!
{
	archiveVersion = 1;
	classes = {
	};
	objectVersion = 50;
	objects = {

/* Begin PBXBuildFile section */
		4F9B485B24A8922000DD2B7B /* AppDelegate.swift in Sources */ = {isa = PBXBuildFile; fileRef = 4F9B485A24A8922000DD2B7B /* AppDelegate.swift */; };
		4F9B485D24A8922000DD2B7B /* SceneDelegate.swift in Sources */ = {isa = PBXBuildFile; fileRef = 4F9B485C24A8922000DD2B7B /* SceneDelegate.swift */; };
		4F9B485F24A8922000DD2B7B /* ContentView.swift in Sources */ = {isa = PBXBuildFile; fileRef = 4F9B485E24A8922000DD2B7B /* ContentView.swift */; };
		4F9B486124A8922200DD2B7B /* Assets.xcassets in Resources */ = {isa = PBXBuildFile; fileRef = 4F9B486024A8922200DD2B7B /* Assets.xcassets */; };
		4F9B486424A8922200DD2B7B /* Preview Assets.xcassets in Resources */ = {isa = PBXBuildFile; fileRef = 4F9B486324A8922200DD2B7B /* Preview Assets.xcassets */; };
		4F9B486724A8922200DD2B7B /* LaunchScreen.storyboard in Resources */ = {isa = PBXBuildFile; fileRef = 4F9B486524A8922200DD2B7B /* LaunchScreen.storyboard */; };
		4F9B487524A8932200DD2B7B /* WidgetKit.framework in Frameworks */ = {isa = PBXBuildFile; fileRef = 4F9B487424A8932200DD2B7B /* WidgetKit.framework */; };
		4F9B487724A8932200DD2B7B /* SwiftUI.framework in Frameworks */ = {isa = PBXBuildFile; fileRef = 4F9B487624A8932200DD2B7B /* SwiftUI.framework */; };
		4F9B487A24A8932300DD2B7B /* Widget.swift in Sources */ = {isa = PBXBuildFile; fileRef = 4F9B487924A8932300DD2B7B /* Widget.swift */; };
		4F9B487C24A8932400DD2B7B /* Assets.xcassets in Resources */ = {isa = PBXBuildFile; fileRef = 4F9B487B24A8932400DD2B7B /* Assets.xcassets */; };
		4F9B488024A8932400DD2B7B /* WidgetExtension.appex in Embed App Extensions */ = {isa = PBXBuildFile; fileRef = 4F9B487224A8932200DD2B7B /* WidgetExtension.appex */; settings = {ATTRIBUTES = (RemoveHeadersOnCopy, ); }; };
		4F9B488824A8943A00DD2B7B /* DeviceUtil.swift in Sources */ = {isa = PBXBuildFile; fileRef = 4F9B488524A8937F00DD2B7B /* DeviceUtil.swift */; };
		4F9B488B24A8951E00DD2B7B /* DemoWidget.swift in Sources */ = {isa = PBXBuildFile; fileRef = 4F9B488924A8951300DD2B7B /* DemoWidget.swift */; };
/* End PBXBuildFile section */

/* Begin PBXContainerItemProxy section */
		4F9B487E24A8932400DD2B7B /* PBXContainerItemProxy */ = {
			isa = PBXContainerItemProxy;
			containerPortal = 4F9B484F24A8922000DD2B7B /* Project object */;
			proxyType = 1;
			remoteGlobalIDString = 4F9B487124A8932200DD2B7B;
			remoteInfo = WidgetExtension;
		};
/* End PBXContainerItemProxy section */

/* Begin PBXCopyFilesBuildPhase section */
		4F9B488424A8932400DD2B7B /* Embed App Extensions */ = {
			isa = PBXCopyFilesBuildPhase;
			buildActionMask = 2147483647;
			dstPath = "";
			dstSubfolderSpec = 13;
			files = (
				4F9B488024A8932400DD2B7B /* WidgetExtension.appex in Embed App Extensions */,
			);
			name = "Embed App Extensions";
			runOnlyForDeploymentPostprocessing = 0;
		};
/* End PBXCopyFilesBuildPhase section */

/* Begin PBXFileReference section */
		4F9B485724A8922000DD2B7B /* WidgetDemo.app */ = {isa = PBXFileReference; explicitFileType = wrapper.application; includeInIndex = 0; path = WidgetDemo.app; sourceTree = BUILT_PRODUCTS_DIR; };
		4F9B485A24A8922000DD2B7B /* AppDelegate.swift */ = {isa = PBXFileReference; lastKnownFileType = sourcecode.swift; path = AppDelegate.swift; sourceTree = "<group>"; };
		4F9B485C24A8922000DD2B7B /* SceneDelegate.swift */ = {isa = PBXFileReference; lastKnownFileType = sourcecode.swift; path = SceneDelegate.swift; sourceTree = "<group>"; };
		4F9B485E24A8922000DD2B7B /* ContentView.swift */ = {isa = PBXFileReference; lastKnownFileType = sourcecode.swift; path = ContentView.swift; sourceTree = "<group>"; };
		4F9B486024A8922200DD2B7B /* Assets.xcassets */ = {isa = PBXFileReference; lastKnownFileType = folder.assetcatalog; path = Assets.xcassets; sourceTree = "<group>"; };
		4F9B486324A8922200DD2B7B /* Preview Assets.xcassets */ = {isa = PBXFileReference; lastKnownFileType = folder.assetcatalog; path = "Preview Assets.xcassets"; sourceTree = "<group>"; };
		4F9B486624A8922200DD2B7B /* Base */ = {isa = PBXFileReference; lastKnownFileType = file.storyboard; name = Base; path = Base.lproj/LaunchScreen.storyboard; sourceTree = "<group>"; };
		4F9B486824A8922200DD2B7B /* Info.plist */ = {isa = PBXFileReference; lastKnownFileType = text.plist.xml; path = Info.plist; sourceTree = "<group>"; };
		4F9B487224A8932200DD2B7B /* WidgetExtension.appex */ = {isa = PBXFileReference; explicitFileType = "wrapper.app-extension"; includeInIndex = 0; path = WidgetExtension.appex; sourceTree = BUILT_PRODUCTS_DIR; };
		4F9B487424A8932200DD2B7B /* WidgetKit.framework */ = {isa = PBXFileReference; lastKnownFileType = wrapper.framework; name = WidgetKit.framework; path = System/Library/Frameworks/WidgetKit.framework; sourceTree = SDKROOT; };
		4F9B487624A8932200DD2B7B /* SwiftUI.framework */ = {isa = PBXFileReference; lastKnownFileType = wrapper.framework; name = SwiftUI.framework; path = System/Library/Frameworks/SwiftUI.framework; sourceTree = SDKROOT; };
		4F9B487924A8932300DD2B7B /* Widget.swift */ = {isa = PBXFileReference; lastKnownFileType = sourcecode.swift; path = Widget.swift; sourceTree = "<group>"; };
		4F9B487B24A8932400DD2B7B /* Assets.xcassets */ = {isa = PBXFileReference; lastKnownFileType = folder.assetcatalog; path = Assets.xcassets; sourceTree = "<group>"; };
		4F9B487D24A8932400DD2B7B /* Info.plist */ = {isa = PBXFileReference; lastKnownFileType = text.plist.xml; path = Info.plist; sourceTree = "<group>"; };
		4F9B488524A8937F00DD2B7B /* DeviceUtil.swift */ = {isa = PBXFileReference; lastKnownFileType = sourcecode.swift; path = DeviceUtil.swift; sourceTree = "<group>"; };
		4F9B488924A8951300DD2B7B /* DemoWidget.swift */ = {isa = PBXFileReference; lastKnownFileType = sourcecode.swift; path = DemoWidget.swift; sourceTree = "<group>"; };
/* End PBXFileReference section */

/* Begin PBXFrameworksBuildPhase section */
		4F9B485424A8922000DD2B7B /* Frameworks */ = {
			isa = PBXFrameworksBuildPhase;
			buildActionMask = 2147483647;
			files = (
			);
			runOnlyForDeploymentPostprocessing = 0;
		};
		4F9B486F24A8932200DD2B7B /* Frameworks */ = {
			isa = PBXFrameworksBuildPhase;
			buildActionMask = 2147483647;
			files = (
				4F9B487724A8932200DD2B7B /* SwiftUI.framework in Frameworks */,
				4F9B487524A8932200DD2B7B /* WidgetKit.framework in Frameworks */,
			);
			runOnlyForDeploymentPostprocessing = 0;
		};
/* End PBXFrameworksBuildPhase section */

/* Begin PBXGroup section */
		4F9B484E24A8922000DD2B7B = {
			isa = PBXGroup;
			children = (
				4F9B485924A8922000DD2B7B /* WidgetDemo */,
				4F9B487824A8932300DD2B7B /* Widget */,
				4F9B487324A8932200DD2B7B /* Frameworks */,
				4F9B485824A8922000DD2B7B /* Products */,
			);
			sourceTree = "<group>";
		};
		4F9B485824A8922000DD2B7B /* Products */ = {
			isa = PBXGroup;
			children = (
				4F9B485724A8922000DD2B7B /* WidgetDemo.app */,
				4F9B487224A8932200DD2B7B /* WidgetExtension.appex */,
			);
			name = Products;
			sourceTree = "<group>";
		};
		4F9B485924A8922000DD2B7B /* WidgetDemo */ = {
			isa = PBXGroup;
			children = (
				4F9B485A24A8922000DD2B7B /* AppDelegate.swift */,
				4F9B485C24A8922000DD2B7B /* SceneDelegate.swift */,
				4F9B485E24A8922000DD2B7B /* ContentView.swift */,
				4F9B486024A8922200DD2B7B /* Assets.xcassets */,
				4F9B486524A8922200DD2B7B /* LaunchScreen.storyboard */,
				4F9B486824A8922200DD2B7B /* Info.plist */,
				4F9B486224A8922200DD2B7B /* Preview Content */,
			);
			path = WidgetDemo;
			sourceTree = "<group>";
		};
		4F9B486224A8922200DD2B7B /* Preview Content */ = {
			isa = PBXGroup;
			children = (
				4F9B486324A8922200DD2B7B /* Preview Assets.xcassets */,
			);
			path = "Preview Content";
			sourceTree = "<group>";
		};
		4F9B487324A8932200DD2B7B /* Frameworks */ = {
			isa = PBXGroup;
			children = (
				4F9B487424A8932200DD2B7B /* WidgetKit.framework */,
				4F9B487624A8932200DD2B7B /* SwiftUI.framework */,
			);
			name = Frameworks;
			sourceTree = "<group>";
		};
		4F9B487824A8932300DD2B7B /* Widget */ = {
			isa = PBXGroup;
			children = (
				4F9B487924A8932300DD2B7B /* Widget.swift */,
				4F9B488924A8951300DD2B7B /* DemoWidget.swift */,
				4F9B488524A8937F00DD2B7B /* DeviceUtil.swift */,
				4F9B487B24A8932400DD2B7B /* Assets.xcassets */,
				4F9B487D24A8932400DD2B7B /* Info.plist */,
			);
			path = Widget;
			sourceTree = "<group>";
		};
/* End PBXGroup section */

/* Begin PBXNativeTarget section */
		4F9B485624A8922000DD2B7B /* WidgetDemo */ = {
			isa = PBXNativeTarget;
			buildConfigurationList = 4F9B486B24A8922200DD2B7B /* Build configuration list for PBXNativeTarget "WidgetDemo" */;
			buildPhases = (
				4F9B485324A8922000DD2B7B /* Sources */,
				4F9B485424A8922000DD2B7B /* Frameworks */,
				4F9B485524A8922000DD2B7B /* Resources */,
				4F9B488424A8932400DD2B7B /* Embed App Extensions */,
			);
			buildRules = (
			);
			dependencies = (
				4F9B487F24A8932400DD2B7B /* PBXTargetDependency */,
			);
			name = WidgetDemo;
			productName = WidgetDemo;
			productReference = 4F9B485724A8922000DD2B7B /* WidgetDemo.app */;
			productType = "com.apple.product-type.application";
		};
		4F9B487124A8932200DD2B7B /* WidgetExtension */ = {
			isa = PBXNativeTarget;
			buildConfigurationList = 4F9B488124A8932400DD2B7B /* Build configuration list for PBXNativeTarget "WidgetExtension" */;
			buildPhases = (
				4F9B486E24A8932200DD2B7B /* Sources */,
				4F9B486F24A8932200DD2B7B /* Frameworks */,
				4F9B487024A8932200DD2B7B /* Resources */,
			);
			buildRules = (
			);
			dependencies = (
			);
			name = WidgetExtension;
			productName = WidgetExtension;
			productReference = 4F9B487224A8932200DD2B7B /* WidgetExtension.appex */;
			productType = "com.apple.product-type.app-extension";
		};
/* End PBXNativeTarget section */

/* Begin PBXProject section */
		4F9B484F24A8922000DD2B7B /* Project object */ = {
			isa = PBXProject;
			attributes = {
				LastSwiftUpdateCheck = 1200;
				LastUpgradeCheck = 1200;
				TargetAttributes = {
					4F9B485624A8922000DD2B7B = {
						CreatedOnToolsVersion = 12.0;
					};
					4F9B487124A8932200DD2B7B = {
						CreatedOnToolsVersion = 12.0;
					};
				};
			};
			buildConfigurationList = 4F9B485224A8922000DD2B7B /* Build configuration list for PBXProject "WidgetDemo" */;
			compatibilityVersion = "Xcode 9.3";
			developmentRegion = en;
			hasScannedForEncodings = 0;
			knownRegions = (
				en,
				Base,
			);
			mainGroup = 4F9B484E24A8922000DD2B7B;
			productRefGroup = 4F9B485824A8922000DD2B7B /* Products */;
			projectDirPath = "";
			projectRoot = "";
			targets = (
				4F9B485624A8922000DD2B7B /* WidgetDemo */,
				4F9B487124A8932200DD2B7B /* WidgetExtension */,
			);
		};
/* End PBXProject section */

/* Begin PBXResourcesBuildPhase section */
		4F9B485524A8922000DD2B7B /* Resources */ = {
			isa = PBXResourcesBuildPhase;
			buildActionMask = 2147483647;
			files = (
				4F9B486724A8922200DD2B7B /* LaunchScreen.storyboard in Resources */,
				4F9B486424A8922200DD2B7B /* Preview Assets.xcassets in Resources */,
				4F9B486124A8922200DD2B7B /* Assets.xcassets in Resources */,
			);
			runOnlyForDeploymentPostprocessing = 0;
		};
		4F9B487024A8932200DD2B7B /* Resources */ = {
			isa = PBXResourcesBuildPhase;
			buildActionMask = 2147483647;
			files = (
				4F9B487C24A8932400DD2B7B /* Assets.xcassets in Resources */,
			);
			runOnlyForDeploymentPostprocessing = 0;
		};
/* End PBXResourcesBuildPhase section */

/* Begin PBXSourcesBuildPhase section */
		4F9B485324A8922000DD2B7B /* Sources */ = {
			isa = PBXSourcesBuildPhase;
			buildActionMask = 2147483647;
			files = (
				4F9B485B24A8922000DD2B7B /* AppDelegate.swift in Sources */,
				4F9B485D24A8922000DD2B7B /* SceneDelegate.swift in Sources */,
				4F9B485F24A8922000DD2B7B /* ContentView.swift in Sources */,
			);
			runOnlyForDeploymentPostprocessing = 0;
		};
		4F9B486E24A8932200DD2B7B /* Sources */ = {
			isa = PBXSourcesBuildPhase;
			buildActionMask = 2147483647;
			files = (
				4F9B488B24A8951E00DD2B7B /* DemoWidget.swift in Sources */,
				4F9B487A24A8932300DD2B7B /* Widget.swift in Sources */,
				4F9B488824A8943A00DD2B7B /* DeviceUtil.swift in Sources */,
			);
			runOnlyForDeploymentPostprocessing = 0;
		};
/* End PBXSourcesBuildPhase section */

/* Begin PBXTargetDependency section */
		4F9B487F24A8932400DD2B7B /* PBXTargetDependency */ = {
			isa = PBXTargetDependency;
			target = 4F9B487124A8932200DD2B7B /* WidgetExtension */;
			targetProxy = 4F9B487E24A8932400DD2B7B /* PBXContainerItemProxy */;
		};
/* End PBXTargetDependency section */

/* Begin PBXVariantGroup section */
		4F9B486524A8922200DD2B7B /* LaunchScreen.storyboard */ = {
			isa = PBXVariantGroup;
			children = (
				4F9B486624A8922200DD2B7B /* Base */,
			);
			name = LaunchScreen.storyboard;
			sourceTree = "<group>";
		};
/* End PBXVariantGroup section */

/* Begin XCBuildConfiguration section */
		4F9B486924A8922200DD2B7B /* Debug */ = {
			isa = XCBuildConfiguration;
			buildSettings = {
				ALWAYS_SEARCH_USER_PATHS = NO;
				CLANG_ANALYZER_NONNULL = YES;
				CLANG_ANALYZER_NUMBER_OBJECT_CONVERSION = YES_AGGRESSIVE;
				CLANG_CXX_LANGUAGE_STANDARD = "gnu++14";
				CLANG_CXX_LIBRARY = "libc++";
				CLANG_ENABLE_MODULES = YES;
				CLANG_ENABLE_OBJC_ARC = YES;
				CLANG_ENABLE_OBJC_WEAK = YES;
				CLANG_WARN_BLOCK_CAPTURE_AUTORELEASING = YES;
				CLANG_WARN_BOOL_CONVERSION = YES;
				CLANG_WARN_COMMA = YES;
				CLANG_WARN_CONSTANT_CONVERSION = YES;
				CLANG_WARN_DEPRECATED_OBJC_IMPLEMENTATIONS = YES;
				CLANG_WARN_DIRECT_OBJC_ISA_USAGE = YES_ERROR;
				CLANG_WARN_DOCUMENTATION_COMMENTS = YES;
				CLANG_WARN_EMPTY_BODY = YES;
				CLANG_WARN_ENUM_CONVERSION = YES;
				CLANG_WARN_INFINITE_RECURSION = YES;
				CLANG_WARN_INT_CONVERSION = YES;
				CLANG_WARN_NON_LITERAL_NULL_CONVERSION = YES;
				CLANG_WARN_OBJC_IMPLICIT_RETAIN_SELF = YES;
				CLANG_WARN_OBJC_LITERAL_CONVERSION = YES;
				CLANG_WARN_OBJC_ROOT_CLASS = YES_ERROR;
				CLANG_WARN_QUOTED_INCLUDE_IN_FRAMEWORK_HEADER = YES;
				CLANG_WARN_RANGE_LOOP_ANALYSIS = YES;
				CLANG_WARN_STRICT_PROTOTYPES = YES;
				CLANG_WARN_SUSPICIOUS_MOVE = YES;
				CLANG_WARN_UNGUARDED_AVAILABILITY = YES_AGGRESSIVE;
				CLANG_WARN_UNREACHABLE_CODE = YES;
				CLANG_WARN__DUPLICATE_METHOD_MATCH = YES;
				COPY_PHASE_STRIP = NO;
				DEBUG_INFORMATION_FORMAT = dwarf;
				ENABLE_STRICT_OBJC_MSGSEND = YES;
				ENABLE_TESTABILITY = YES;
				GCC_C_LANGUAGE_STANDARD = gnu11;
				GCC_DYNAMIC_NO_PIC = NO;
				GCC_NO_COMMON_BLOCKS = YES;
				GCC_OPTIMIZATION_LEVEL = 0;
				GCC_PREPROCESSOR_DEFINITIONS = (
					"DEBUG=1",
					"$(inherited)",
				);
				GCC_WARN_64_TO_32_BIT_CONVERSION = YES;
				GCC_WARN_ABOUT_RETURN_TYPE = YES_ERROR;
				GCC_WARN_UNDECLARED_SELECTOR = YES;
				GCC_WARN_UNINITIALIZED_AUTOS = YES_AGGRESSIVE;
				GCC_WARN_UNUSED_FUNCTION = YES;
				GCC_WARN_UNUSED_VARIABLE = YES;
				IPHONEOS_DEPLOYMENT_TARGET = 14.0;
				MTL_ENABLE_DEBUG_INFO = INCLUDE_SOURCE;
				MTL_FAST_MATH = YES;
				ONLY_ACTIVE_ARCH = YES;
				SDKROOT = iphoneos;
				SWIFT_ACTIVE_COMPILATION_CONDITIONS = DEBUG;
				SWIFT_OPTIMIZATION_LEVEL = "-Onone";
			};
			name = Debug;
		};
		4F9B486A24A8922200DD2B7B /* Release */ = {
			isa = XCBuildConfiguration;
			buildSettings = {
				ALWAYS_SEARCH_USER_PATHS = NO;
				CLANG_ANALYZER_NONNULL = YES;
				CLANG_ANALYZER_NUMBER_OBJECT_CONVERSION = YES_AGGRESSIVE;
				CLANG_CXX_LANGUAGE_STANDARD = "gnu++14";
				CLANG_CXX_LIBRARY = "libc++";
				CLANG_ENABLE_MODULES = YES;
				CLANG_ENABLE_OBJC_ARC = YES;
				CLANG_ENABLE_OBJC_WEAK = YES;
				CLANG_WARN_BLOCK_CAPTURE_AUTORELEASING = YES;
				CLANG_WARN_BOOL_CONVERSION = YES;
				CLANG_WARN_COMMA = YES;
				CLANG_WARN_CONSTANT_CONVERSION = YES;
				CLANG_WARN_DEPRECATED_OBJC_IMPLEMENTATIONS = YES;
				CLANG_WARN_DIRECT_OBJC_ISA_USAGE = YES_ERROR;
				CLANG_WARN_DOCUMENTATION_COMMENTS = YES;
				CLANG_WARN_EMPTY_BODY = YES;
				CLANG_WARN_ENUM_CONVERSION = YES;
				CLANG_WARN_INFINITE_RECURSION = YES;
				CLANG_WARN_INT_CONVERSION = YES;
				CLANG_WARN_NON_LITERAL_NULL_CONVERSION = YES;
				CLANG_WARN_OBJC_IMPLICIT_RETAIN_SELF = YES;
				CLANG_WARN_OBJC_LITERAL_CONVERSION = YES;
				CLANG_WARN_OBJC_ROOT_CLASS = YES_ERROR;
				CLANG_WARN_QUOTED_INCLUDE_IN_FRAMEWORK_HEADER = YES;
				CLANG_WARN_RANGE_LOOP_ANALYSIS = YES;
				CLANG_WARN_STRICT_PROTOTYPES = YES;
				CLANG_WARN_SUSPICIOUS_MOVE = YES;
				CLANG_WARN_UNGUARDED_AVAILABILITY = YES_AGGRESSIVE;
				CLANG_WARN_UNREACHABLE_CODE = YES;
				CLANG_WARN__DUPLICATE_METHOD_MATCH = YES;
				COPY_PHASE_STRIP = NO;
				DEBUG_INFORMATION_FORMAT = "dwarf-with-dsym";
				ENABLE_NS_ASSERTIONS = NO;
				ENABLE_STRICT_OBJC_MSGSEND = YES;
				GCC_C_LANGUAGE_STANDARD = gnu11;
				GCC_NO_COMMON_BLOCKS = YES;
				GCC_WARN_64_TO_32_BIT_CONVERSION = YES;
				GCC_WARN_ABOUT_RETURN_TYPE = YES_ERROR;
				GCC_WARN_UNDECLARED_SELECTOR = YES;
				GCC_WARN_UNINITIALIZED_AUTOS = YES_AGGRESSIVE;
				GCC_WARN_UNUSED_FUNCTION = YES;
				GCC_WARN_UNUSED_VARIABLE = YES;
				IPHONEOS_DEPLOYMENT_TARGET = 14.0;
				MTL_ENABLE_DEBUG_INFO = NO;
				MTL_FAST_MATH = YES;
				SDKROOT = iphoneos;
				SWIFT_COMPILATION_MODE = wholemodule;
				SWIFT_OPTIMIZATION_LEVEL = "-O";
				VALIDATE_PRODUCT = YES;
			};
			name = Release;
		};
		4F9B486C24A8922200DD2B7B /* Debug */ = {
			isa = XCBuildConfiguration;
			buildSettings = {
				ALWAYS_EMBED_SWIFT_STANDARD_LIBRARIES = YES;
				ASSETCATALOG_COMPILER_APPICON_NAME = AppIcon;
				ASSETCATALOG_COMPILER_GLOBAL_ACCENT_COLOR_NAME = AccentColor;
				CODE_SIGN_STYLE = Automatic;
				DEVELOPMENT_ASSET_PATHS = "\"WidgetDemo/Preview Content\"";
				DEVELOPMENT_TEAM = "";
				ENABLE_PREVIEWS = YES;
				INFOPLIST_FILE = WidgetDemo/Info.plist;
				LD_RUNPATH_SEARCH_PATHS = (
					"$(inherited)",
					"@executable_path/Frameworks",
				);
				PRODUCT_BUNDLE_IDENTIFIER = top.yuukizoom.WidgetDemo;
				PRODUCT_NAME = "$(TARGET_NAME)";
				SWIFT_VERSION = 5.0;
				TARGETED_DEVICE_FAMILY = "1,2";
			};
			name = Debug;
		};
		4F9B486D24A8922200DD2B7B /* Release */ = {
			isa = XCBuildConfiguration;
			buildSettings = {
				ALWAYS_EMBED_SWIFT_STANDARD_LIBRARIES = YES;
				ASSETCATALOG_COMPILER_APPICON_NAME = AppIcon;
				ASSETCATALOG_COMPILER_GLOBAL_ACCENT_COLOR_NAME = AccentColor;
				CODE_SIGN_STYLE = Automatic;
				DEVELOPMENT_ASSET_PATHS = "\"WidgetDemo/Preview Content\"";
				DEVELOPMENT_TEAM = "";
				ENABLE_PREVIEWS = YES;
				INFOPLIST_FILE = WidgetDemo/Info.plist;
				LD_RUNPATH_SEARCH_PATHS = (
					"$(inherited)",
					"@executable_path/Frameworks",
				);
				PRODUCT_BUNDLE_IDENTIFIER = top.yuukizoom.WidgetDemo;
				PRODUCT_NAME = "$(TARGET_NAME)";
				SWIFT_VERSION = 5.0;
				TARGETED_DEVICE_FAMILY = "1,2";
			};
			name = Release;
		};
		4F9B488224A8932400DD2B7B /* Debug */ = {
			isa = XCBuildConfiguration;
			buildSettings = {
				ASSETCATALOG_COMPILER_GLOBAL_ACCENT_COLOR_NAME = AccentColor;
				ASSETCATALOG_COMPILER_WIDGET_BACKGROUND_COLOR_NAME = WidgetBackground;
				CODE_SIGN_STYLE = Automatic;
				DEVELOPMENT_TEAM = "";
				INFOPLIST_FILE = Widget/Info.plist;
				LD_RUNPATH_SEARCH_PATHS = (
					"$(inherited)",
					"@executable_path/Frameworks",
					"@executable_path/../../Frameworks",
				);
				PRODUCT_BUNDLE_IDENTIFIER = top.yuukizoom.WidgetDemo.Widget;
				PRODUCT_NAME = "$(TARGET_NAME)";
				SKIP_INSTALL = YES;
				SWIFT_VERSION = 5.0;
				TARGETED_DEVICE_FAMILY = "1,2";
			};
			name = Debug;
		};
		4F9B488324A8932400DD2B7B /* Release */ = {
			isa = XCBuildConfiguration;
			buildSettings = {
				ASSETCATALOG_COMPILER_GLOBAL_ACCENT_COLOR_NAME = AccentColor;
				ASSETCATALOG_COMPILER_WIDGET_BACKGROUND_COLOR_NAME = WidgetBackground;
				CODE_SIGN_STYLE = Automatic;
				DEVELOPMENT_TEAM = "";
				INFOPLIST_FILE = Widget/Info.plist;
				LD_RUNPATH_SEARCH_PATHS = (
					"$(inherited)",
					"@executable_path/Frameworks",
					"@executable_path/../../Frameworks",
				);
				PRODUCT_BUNDLE_IDENTIFIER = top.yuukizoom.WidgetDemo.Widget;
				PRODUCT_NAME = "$(TARGET_NAME)";
				SKIP_INSTALL = YES;
				SWIFT_VERSION = 5.0;
				TARGETED_DEVICE_FAMILY = "1,2";
			};
			name = Release;
		};
/* End XCBuildConfiguration section */

/* Begin XCConfigurationList section */
		4F9B485224A8922000DD2B7B /* Build configuration list for PBXProject "WidgetDemo" */ = {
			isa = XCConfigurationList;
			buildConfigurations = (
				4F9B486924A8922200DD2B7B /* Debug */,
				4F9B486A24A8922200DD2B7B /* Release */,
			);
			defaultConfigurationIsVisible = 0;
			defaultConfigurationName = Release;
		};
		4F9B486B24A8922200DD2B7B /* Build configuration list for PBXNativeTarget "WidgetDemo" */ = {
			isa = XCConfigurationList;
			buildConfigurations = (
				4F9B486C24A8922200DD2B7B /* Debug */,
				4F9B486D24A8922200DD2B7B /* Release */,
			);
			defaultConfigurationIsVisible = 0;
			defaultConfigurationName = Release;
		};
		4F9B488124A8932400DD2B7B /* Build configuration list for PBXNativeTarget "WidgetExtension" */ = {
			isa = XCConfigurationList;
			buildConfigurations = (
				4F9B488224A8932400DD2B7B /* Debug */,
				4F9B488324A8932400DD2B7B /* Release */,
			);
			defaultConfigurationIsVisible = 0;
			defaultConfigurationName = Release;
		};
/* End XCConfigurationList section */
	};
	rootObject = 4F9B484F24A8922000DD2B7B /* Project object */;
}
